
Microsoft Visual Studio Solution File, Format Version 12.00
# Visual Studio Version 17
VisualStudioVersion = 17.9.34728.123
MinimumVisualStudioVersion = 10.0.40219.1
Project("{FAE04EC0-301F-11D3-BF4B-00C04F79EFBC}") = "ToDoListWebApp", "ToDoListWebApp\ToDoListWebApp.csproj", "{A25F6E0F-900F-4CDC-BE89-0F13D54654EE}"
EndProject
Global
	GlobalSection(SolutionConfigurationPlatforms) = preSolution
		Debug|Any CPU = Debug|Any CPU
		Release|Any CPU = Release|Any CPU
	EndGlobalSection
	GlobalSection(ProjectConfigurationPlatforms) = postSolution
		{A25F6E0F-900F-4CDC-BE89-0F13D54654EE}.Debug|Any CPU.ActiveCfg = Debug|Any CPU
		{A25F6E0F-900F-4CDC-BE89-0F13D54654EE}.Debug|Any CPU.Build.0 = Debug|Any CPU
		{A25F6E0F-900F-4CDC-BE89-0F13D54654EE}.Release|Any CPU.ActiveCfg = Release|Any CPU
		{A25F6E0F-900F-4CDC-BE89-0F13D54654EE}.Release|Any CPU.Build.0 = Release|Any CPU
	EndGlobalSection
	GlobalSection(SolutionProperties) = preSolution
		HideSolutionNode = FALSE
	EndGlobalSection
	GlobalSection(ExtensibilityGlobals) = postSolution
		SolutionGuid = {FC002FDA-71B0-4B01-B59A-6FE99DEF2F2A}
	EndGlobalSection
EndGlobal
